
Microsoft Visual Studio Solution File, Format Version 12.00
# Visual Studio 14
VisualStudioVersion = 14.0.25420.1
MinimumVisualStudioVersion = 10.0.40219.1
Project("{FAE04EC0-301F-11D3-BF4B-00C04F79EFBC}") = "WpfApplication", "WpfApplication2\WpfApplication.csproj", "{D795CAD2-6251-4D30-A8A1-E6D8DA071E4A}"
EndProject
Project("{FAE04EC0-301F-11D3-BF4B-00C04F79EFBC}") = "Data", "Data\Data.csproj", "{A8EFCF89-E011-4C82-9F8F-A56FCBA7CCE6}"
EndProject
Project("{FAE04EC0-301F-11D3-BF4B-00C04F79EFBC}") = "Models", "Models\Models.csproj", "{A67CF551-BEDC-42D1-ADC7-E5C77BA9CCC7}"
EndProject
Global
	GlobalSection(SolutionConfigurationPlatforms) = preSolution
		Debug|Any CPU = Debug|Any CPU
		Release|Any CPU = Release|Any CPU
	EndGlobalSection
	GlobalSection(ProjectConfigurationPlatforms) = postSolution
		{D795CAD2-6251-4D30-A8A1-E6D8DA071E4A}.Debug|Any CPU.ActiveCfg = Debug|Any CPU
		{D795CAD2-6251-4D30-A8A1-E6D8DA071E4A}.Debug|Any CPU.Build.0 = Debug|Any CPU
		{D795CAD2-6251-4D30-A8A1-E6D8DA071E4A}.Release|Any CPU.ActiveCfg = Release|Any CPU
		{D795CAD2-6251-4D30-A8A1-E6D8DA071E4A}.Release|Any CPU.Build.0 = Release|Any CPU
		{A8EFCF89-E011-4C82-9F8F-A56FCBA7CCE6}.Debug|Any CPU.ActiveCfg = Debug|Any CPU
		{A8EFCF89-E011-4C82-9F8F-A56FCBA7CCE6}.Debug|Any CPU.Build.0 = Debug|Any CPU
		{A8EFCF89-E011-4C82-9F8F-A56FCBA7CCE6}.Release|Any CPU.ActiveCfg = Release|Any CPU
		{A8EFCF89-E011-4C82-9F8F-A56FCBA7CCE6}.Release|Any CPU.Build.0 = Release|Any CPU
		{A67CF551-BEDC-42D1-ADC7-E5C77BA9CCC7}.Debug|Any CPU.ActiveCfg = Debug|Any CPU
		{A67CF551-BEDC-42D1-ADC7-E5C77BA9CCC7}.Debug|Any CPU.Build.0 = Debug|Any CPU
		{A67CF551-BEDC-42D1-ADC7-E5C77BA9CCC7}.Release|Any CPU.ActiveCfg = Release|Any CPU
		{A67CF551-BEDC-42D1-ADC7-E5C77BA9CCC7}.Release|Any CPU.Build.0 = Release|Any CPU
	EndGlobalSection
	GlobalSection(SolutionProperties) = preSolution
		HideSolutionNode = FALSE
	EndGlobalSection
EndGlobal
